Microsoft Visual Studio Solution File, Format Version 11.00
# Visual Studio 2008

Project("{3DFBACF1-CBB4-D9CC-FAF5-50F74D0149A5}") = "Duck-U-Up", "Assembly-CSharp.csproj", "{60C01930-0A1F-9AE7-241A-7C79E611DA4F}"
EndProject
Global
	GlobalSection(SolutionConfigurationPlatforms) = preSolution
		Debug|Any CPU = Debug|Any CPU
		Release|Any CPU = Release|Any CPU
	EndGlobalSection
	GlobalSection(ProjectConfigurationPlatforms) = postSolution
		{60C01930-0A1F-9AE7-241A-7C79E611DA4F}.Debug|Any CPU.ActiveCfg = Debug|Any CPU
		{60C01930-0A1F-9AE7-241A-7C79E611DA4F}.Debug|Any CPU.Build.0 = Debug|Any CPU
		{60C01930-0A1F-9AE7-241A-7C79E611DA4F}.Release|Any CPU.ActiveCfg = Release|Any CPU
		{60C01930-0A1F-9AE7-241A-7C79E611DA4F}.Release|Any CPU.Build.0 = Release|Any CPU
	EndGlobalSection
	GlobalSection(SolutionProperties) = preSolution
		HideSolutionNode = FALSE
	EndGlobalSection
	GlobalSection(MonoDevelopProperties) = preSolution
		StartupItem = Assembly-CSharp.csproj
	EndGlobalSection
EndGlobal
